{
  "lockfileVersion": 1,
  "configVersion": 0,
  "workspaces": {
    "": {
      "name": "note-to-go-server",
      "dependencies": {
        "@hocuspocus/extension-database": "^3.4.4",
        "@hocuspocus/server": "^3.4.4",
        "@hocuspocus/transformer": "^4.0.0",
        "@supabase/supabase-js": "^2.105.1",
        "@tiptap/extension-bold": "^3.22.5",
        "@tiptap/extension-bullet-list": "^3.22.5",
        "@tiptap/extension-code-block-lowlight": "^3.22.5",
        "@tiptap/extension-color": "^3.22.5",
        "@tiptap/extension-font-family": "^3.22.5",
        "@tiptap/extension-font-size": "^3.0.0-next.3",
        "@tiptap/extension-highlight": "^3.22.5",
        "@tiptap/extension-image": "^3.22.5",
        "@tiptap/extension-italic": "^3.22.5",
        "@tiptap/extension-list-item": "^3.22.5",
        "@tiptap/extension-ordered-list": "^3.22.5",
        "@tiptap/extension-strike": "^3.22.5",
        "@tiptap/extension-text-align": "^3.22.5",
        "@tiptap/extension-text-style": "^3.22.5",
        "@tiptap/html": "^3.22.5",
        "dotenv": "^17.4.2",
        "lowlight": "^3.3.0",
        "yjs": "^13.6.30",
      },
      "devDependencies": {
        "@types/node": "^25.5.0",
        "ts-node-dev": "^2.0.0",
        "typescript": "^5.9.3",
      },
    },
  },
  "packages": {
    "@cspotcode/source-map-support": ["@cspotcode/source-map-support@0.8.1", "", { "dependencies": { "@jridgewell/trace-mapping": "0.3.9" } }, "sha512-IchNf6dN4tHoMFIn/7OE8LWZ19Y6q/67Bmf6vnGREv8RSbBVb9LPJxEcnwrcwX6ixSvaiGoomAUvu4YSxXrVgw=="],

    "@hocuspocus/common": ["@hocuspocus/common@3.4.4", "", { "dependencies": { "lib0": "^0.2.87" } }, "sha512-RykIJ0tsHHMP4Xk+4UCbc7SO5LgGxGUSTdbh6anJEsaALAyqinf1Nn5HYuMjLPolAmsar1v++m9zufR09NLpXA=="],

    "@hocuspocus/extension-database": ["@hocuspocus/extension-database@3.4.4", "", { "dependencies": { "@hocuspocus/server": "^3.4.4" }, "peerDependencies": { "yjs": "^13.6.8" } }, "sha512-z7iq2Dw+GOp4aQq7ys3PD0BA++7tQdXBsSHZ+8mkAbxfTDzjzQ576TphxPiXXC1WQ7yjeFXq03xp/KLIhg3Pyg=="],

    "@hocuspocus/server": ["@hocuspocus/server@3.4.4", "", { "dependencies": { "@hocuspocus/common": "^3.4.4", "async-lock": "^1.3.1", "async-mutex": "^0.5.0", "kleur": "^4.1.4", "lib0": "^0.2.47", "ws": "^8.5.0" }, "peerDependencies": { "y-protocols": "^1.0.6", "yjs": "^13.6.8" } }, "sha512-UV+oaONAejOzeYgUygNcgsc8RdZvSokVvAxluZJIisLACpRO/VsseQ5lWKDRwLd7Fn6+rHWDH3hGuQ1fdX1Ycg=="],

    "@hocuspocus/transformer": ["@hocuspocus/transformer@4.0.0", "", { "dependencies": { "@tiptap/starter-kit": "^3.0.1" }, "peerDependencies": { "@tiptap/core": "^3.0.1", "@tiptap/pm": "^3.0.1", "y-prosemirror": "^1.2.1", "yjs": "^13.6.8" } }, "sha512-neyV/DXaWyIYRV6TZ3WvntZzmh1kM+iGq3fHajtmUGyhp3EID+lmeCVY1Q2V6ZXD+fVw+S0i4pUzeWFe35A5mg=="],

    "@jridgewell/resolve-uri": ["@jridgewell/resolve-uri@3.1.2", "", {}, "sha512-bRISgCIjP20/tbWSPWMEi54QVPRZExkuD9lJL+UIxUKtwVJA8wW1Trb1jMs1RFXo1CBTNZ/5hpC9QvmKWdopKw=="],

    "@jridgewell/sourcemap-codec": ["@jridgewell/sourcemap-codec@1.5.5", "", {}, "sha512-cYQ9310grqxueWbl+WuIUIaiUaDcj7WOq5fVhEljNVgRfOUhY9fy2zTvfoqWsnebh8Sl70VScFbICvJnLKB0Og=="],

    "@jridgewell/trace-mapping": ["@jridgewell/trace-mapping@0.3.9", "", { "dependencies": { "@jridgewell/resolve-uri": "^3.0.3", "@jridgewell/sourcemap-codec": "^1.4.10" } }, "sha512-3Belt6tdc8bPgAtbcmdtNJlirVoTmEb5e2gC94PnkwEW9jI6CAHUeoG85tjWP5WquqfavoMtMwiG4P926ZKKuQ=="],

    "@supabase/auth-js": ["@supabase/auth-js@2.105.1", "", { "dependencies": { "tslib": "2.8.1" } }, "sha512-zc4s8Xg4truwE1Q4Q8M8oUVDARMd05pKh73NyQsMbYU1HDdDN2iiKzena/yu+yJze3WrD4c092FdckPiK1rLQw=="],

    "@supabase/functions-js": ["@supabase/functions-js@2.105.1", "", { "dependencies": { "tslib": "2.8.1" } }, "sha512-dTk1e7oE51VGc1lS2S0J0NLo0Wp4JYChj74ArJKbIWgoWuFwO0wcJYjeyOV3AAEpKst8/LQWUZOUKO1tRXBrpA=="],

    "@supabase/phoenix": ["@supabase/phoenix@0.4.1", "", {}, "sha512-hWGJkDAfWUNY8k0C080u3sGNFd2ncl9erhKgP7hnGkgJWEfT5Pd/SXal4QmWXBECVlZrannMAc9sBaaRyWpiUA=="],

    "@supabase/postgrest-js": ["@supabase/postgrest-js@2.105.1", "", { "dependencies": { "tslib": "2.8.1" } }, "sha512-6SbtsoWC55xfsm7gbfLqvF+yIwTQEbjt+jFGf4klDpwSnUy17Hv5x0Dq52oqwTQlw6Ta0h1D5gTP0/pApqNojA=="],

    "@supabase/realtime-js": ["@supabase/realtime-js@2.105.1", "", { "dependencies": { "@supabase/phoenix": "^0.4.1", "@types/ws": "^8.18.1", "tslib": "2.8.1", "ws": "^8.18.2" } }, "sha512-3X3cUEl5cJ4lRQHr1hXHx0b98OaL97RRO2vrRZ98FD91JV/MquZHhrGJSv/+IkOnjF6E2e0RUOxE8P3Zi035ow=="],

    "@supabase/storage-js": ["@supabase/storage-js@2.105.1", "", { "dependencies": { "iceberg-js": "^0.8.1", "tslib": "2.8.1" } }, "sha512-owfdCNH5ikXXDusjzsgU6LavEBqGUoueOnL/9XIucld70/WJ/rbqp89K//c9QPICDNuegsmpoeasydDAiucLKQ=="],

    "@supabase/supabase-js": ["@supabase/supabase-js@2.105.1", "", { "dependencies": { "@supabase/auth-js": "2.105.1", "@supabase/functions-js": "2.105.1", "@supabase/postgrest-js": "2.105.1", "@supabase/realtime-js": "2.105.1", "@supabase/storage-js": "2.105.1" } }, "sha512-4gn6HmsAkCCVU7p8JmgKGhHJ5Btod4ZzSp8qKZf4JHaTxbhaIK86/usHzeLxWv7EJJDhBmILDmJOSOf9iF4CLA=="],

    "@tiptap/core": ["@tiptap/core@3.22.5", "", { "peerDependencies": { "@tiptap/pm": "3.22.5" } }, "sha512-L1lhWz6ujGny8LduTJ7MBWYhzigwOvfUJUrJ7IzOJSuy3+OAzisdGDD1GV7LEO/hU0Hr2Mkm1wajRIHExvS9HQ=="],

    "@tiptap/extension-blockquote": ["@tiptap/extension-blockquote@3.22.5", "", { "peerDependencies": { "@tiptap/core": "3.22.5" } }, "sha512-ajyP5W8fG5Hrru47T/eF3xMKOpNvWofgNJqBTeNuGl02sYxsy9a4EunyFxudsaZP9WW3VOD4SaIWr5+MqpbnOQ=="],

    "@tiptap/extension-bold": ["@tiptap/extension-bold@3.22.5", "", { "peerDependencies": { "@tiptap/core": "3.22.5" } }, "sha512-l/uDtpJISiFFyfctvnODNWBN/XPZI1jVZRacTRDDnSn8+x6KQ7G2qgFYueU7KvVJGDFVT39Iio56mcFRG/Pozg=="],

    "@tiptap/extension-bullet-list": ["@tiptap/extension-bullet-list@3.22.5", "", { "peerDependencies": { "@tiptap/extension-list": "3.22.5" } }, "sha512-cf54fG9AybU8NgPMv1TOcoqAkELeRc/VpnSCt/rIJZphWQx9nsFmrtkrlCatrIcCaGtNZYwlHlMnC5LVVMu0uA=="],

    "@tiptap/extension-code": ["@tiptap/extension-code@3.22.5", "", { "peerDependencies": { "@tiptap/core": "3.22.5" } }, "sha512-mwDNOJC9rYbDu/JcqrN4dbUQRklJU8Fuk2raxD/IvFw9qUIcPCmxQ2XT9UTKmZz/Ju7Kdy72fss6XpgWv6gLAQ=="],

    "@tiptap/extension-code-block": ["@tiptap/extension-code-block@3.22.5", "", { "peerDependencies": { "@tiptap/core": "3.22.5", "@tiptap/pm": "3.22.5" } }, "sha512-d123kCfLdJTi4fue1m0+TNFztDkmIRSZGZmGu6H9KqwG5Q7IzjT9o8lzRsz+pXxYqHvqgYmXoEpM6srbzXx/Ag=="],

    "@tiptap/extension-code-block-lowlight": ["@tiptap/extension-code-block-lowlight@3.22.5", "", { "peerDependencies": { "@tiptap/core": "3.22.5", "@tiptap/extension-code-block": "3.22.5", "@tiptap/pm": "3.22.5", "highlight.js": "^11", "lowlight": "^2 || ^3" } }, "sha512-lT0SxhjkDL1tKSeVDduV+SJ6kHdNFcbYBaUAwTufRtDt8FIYcSX6tWj5cPEXOFrC0PlJu7ybCnTEbXBdFP8Bnw=="],

    "@tiptap/extension-color": ["@tiptap/extension-color@3.22.5", "", { "peerDependencies": { "@tiptap/extension-text-style": "3.22.5" } }, "sha512-4aTygOUlTFBYCvJy67SeKVdXCQw7du3Rj+N5ZutVnDnrpfzUBWsO7f+I+iDS8eMQFbWxVFLlWxGMcTbjtk1a+Q=="],

    "@tiptap/extension-document": ["@tiptap/extension-document@3.22.5", "", { "peerDependencies": { "@tiptap/core": "3.22.5" } }, "sha512-8NJERd+pCtvSuEP4C4WMGYmRRCV12ePZL7bC+QUdFlbdXg+kNZS0zZ7hh879tYA0Kidbi8rWWD1Tx+H2ezkmMw=="],

    "@tiptap/extension-dropcursor": ["@tiptap/extension-dropcursor@3.22.5", "", { "peerDependencies": { "@tiptap/extensions": "3.22.5" } }, "sha512-Mp40DaFrY3sEUVtFqmxrR0BmU4G3k8GCYYNGqNa9OqWv7BrcFDC03V2n3okESDKt4MKkzhQQmypq+ouLy8dLfA=="],

    "@tiptap/extension-font-family": ["@tiptap/extension-font-family@3.22.5", "", { "peerDependencies": { "@tiptap/extension-text-style": "3.22.5" } }, "sha512-UAFIHmj4YbqJcCkBomrhy02cxBu7D2gQzVcurpNP1NdimqbWW2k+Km4SGss7hzZQXSETHtUKDkrAYgD8/UoY1A=="],

    "@tiptap/extension-font-size": ["@tiptap/extension-font-size@3.0.0-next.3", "", { "peerDependencies": { "@tiptap/core": "^3.0.0-next.3", "@tiptap/extension-text-style": "^3.0.0-next.3" } }, "sha512-JmmrCboLvDH4HG1nOAMkiwmeFluliXaeEh5+RDxOofuzxsHjSYVJpNP846eLtMnjkUAxjvh7tBz7GTjATm3OuQ=="],

    "@tiptap/extension-gapcursor": ["@tiptap/extension-gapcursor@3.22.5", "", { "peerDependencies": { "@tiptap/extensions": "3.22.5" } }, "sha512-4WkMu7qqjbsm8hCQS+8X+la1wjriN0SKoRdvpfKH33qM50MB34tYJuGLAO+y7TTh4MMMco3AZCKPBL5JVMqNIg=="],

    "@tiptap/extension-hard-break": ["@tiptap/extension-hard-break@3.22.5", "", { "peerDependencies": { "@tiptap/core": "3.22.5" } }, "sha512-n0R2mUVYZU2AVbJhg/WcY9+zx690wVwvsItHJf0DrYbf1tCYHx+PRHUt/AoXk6u8BSmnkb8/FDziS8m3mjfpSg=="],

    "@tiptap/extension-heading": ["@tiptap/extension-heading@3.22.5", "", { "peerDependencies": { "@tiptap/core": "3.22.5" } }, "sha512-hjyEG4947PAhMBfP1G6B0QAh6+y9mp2C5BQmNjprA05/lQzDAT7KFZzNh8ZVp3ol6aICKq/N1gFOW9Dc/9FUOw=="],

    "@tiptap/extension-highlight": ["@tiptap/extension-highlight@3.22.5", "", { "peerDependencies": { "@tiptap/core": "3.22.5" } }, "sha512-byWruAOKcqRN0OuzVSKqLLrced3M9AZaR2pD1BV3aUZHzMzeBjLBfByh8s4lExH2Z547xQUdHHnUflBQ572I5A=="],

    "@tiptap/extension-horizontal-rule": ["@tiptap/extension-horizontal-rule@3.22.5", "", { "peerDependencies": { "@tiptap/core": "3.22.5", "@tiptap/pm": "3.22.5" } }, "sha512-vUV0/ugIbXOc8SJib0h8UMhgcqZXWu/dkEhlswZN4VVven1o5enkfxEiDw+OyIJHi5rUkrdhsQ/KTxG/Xb7X8A=="],

    "@tiptap/extension-image": ["@tiptap/extension-image@3.22.5", "", { "peerDependencies": { "@tiptap/core": "3.22.5" } }, "sha512-ezMzA6w6UsPesQp6fxTQojI/IkGJLmkwR/VGTimva7sudP3HdSW8k3SGBkjfvp0L2xqUrC/l4nWOchu01A/xtQ=="],

    "@tiptap/extension-italic": ["@tiptap/extension-italic@3.22.5", "", { "peerDependencies": { "@tiptap/core": "3.22.5" } }, "sha512-4T8baSiLkeIymTgEwirxDFt5YgYofkP3m1+MGYdGy2HKcOK+1vpvlPhEO1X5qtZngtJW5S4+njKjinRg52A4PA=="],

    "@tiptap/extension-link": ["@tiptap/extension-link@3.22.5", "", { "dependencies": { "linkifyjs": "^4.3.2" }, "peerDependencies": { "@tiptap/core": "3.22.5", "@tiptap/pm": "3.22.5" } }, "sha512-d671MvF3GPKoS2OVxjIlQ7hIE7MS3hREdR+d4cvnnoiLLD+ZJ6KgDnxmWqF0a1s4qxLWK2KxKRSOIfYGE31QWQ=="],

    "@tiptap/extension-list": ["@tiptap/extension-list@3.22.5", "", { "peerDependencies": { "@tiptap/core": "3.22.5", "@tiptap/pm": "3.22.5" } }, "sha512-cVO3ZHCgxAWZ4zrFSs81FO2nyCk1wb2EHkpLpW98FzbJLkN9rDkazhW99P3HRWy/CvUldOT+8ecI1YrQtBojMg=="],

    "@tiptap/extension-list-item": ["@tiptap/extension-list-item@3.22.5", "", { "peerDependencies": { "@tiptap/extension-list": "3.22.5" } }, "sha512-W7uTmyKLhlsvuTPLv+8WwnsY+mlikBFIoLSvVcBaFt4MwpsZ+DeB6KQg02Y7tbtaAnG7rXu9Fvw2QORh2P728A=="],

    "@tiptap/extension-list-keymap": ["@tiptap/extension-list-keymap@3.22.5", "", { "peerDependencies": { "@tiptap/extension-list": "3.22.5" } }, "sha512-cGUnxJ0y515e1bVHNjUmbx7oWHoEon59w6BA5N2KwV9iW2mZZchlTX4yxJSOX+ixeVRChsa7YwC3Z1jUZ6AMEg=="],

    "@tiptap/extension-ordered-list": ["@tiptap/extension-ordered-list@3.22.5", "", { "peerDependencies": { "@tiptap/extension-list": "3.22.5" } }, "sha512-OXdh4k4CNrukwiSdWdEQ49uvgnqvR0Z9aNSP4HI5/kZQ/Te1NtRtYCpUrzWyO/7CtjcCisXHti0o9C/TV8YMbQ=="],

    "@tiptap/extension-paragraph": ["@tiptap/extension-paragraph@3.22.5", "", { "peerDependencies": { "@tiptap/core": "3.22.5" } }, "sha512-52KCto4+XKpnBWpIufspWLyq4UWxAWC72ANPdGuIhbi72NRTabiTbTVN40uwGSPkyakeESG0/vKdWJCVvB4f0g=="],

    "@tiptap/extension-strike": ["@tiptap/extension-strike@3.22.5", "", { "peerDependencies": { "@tiptap/core": "3.22.5" } }, "sha512-42WrrFK5gOom/0znH85x12Mw5IQ/6O6DWdyUWoRIrNA/qJpuHtU8oVU+bIgU2tuomMGHruRjIzgBQv5sBjEtww=="],

    "@tiptap/extension-text": ["@tiptap/extension-text@3.22.5", "", { "peerDependencies": { "@tiptap/core": "3.22.5" } }, "sha512-bzpDOdAEo1JeoVZDIyV0oY0jGXkEG+AzF70SzHoRSjOvFDtKWunyXf9eO1OnOr2/fmMcckT2qwUBNBMQplWBzw=="],

    "@tiptap/extension-text-align": ["@tiptap/extension-text-align@3.22.5", "", { "peerDependencies": { "@tiptap/core": "3.22.5" } }, "sha512-LNUinhsZJC+/Vm7ugtghSjqlO64FQuww8oJkHq54Oh135fJ+kY2yBRakYFeH0P0gl4VPJH13AUetLF696CM2UQ=="],

    "@tiptap/extension-text-style": ["@tiptap/extension-text-style@3.22.5", "", { "peerDependencies": { "@tiptap/core": "3.22.5" } }, "sha512-jt63jy8YbhZJUGMxTUzeivLhowGtFp6YbCFrrmZJ7G6IHu8X8LJzO81ksz5nT5l8DKpldGwnINUfA6iE91JIAg=="],

    "@tiptap/extension-underline": ["@tiptap/extension-underline@3.22.5", "", { "peerDependencies": { "@tiptap/core": "3.22.5" } }, "sha512-9ut09rJD0iEbS6sk7yd2j6IwuFDLTNmDEGTDLodvqAfi+bq7ddsTDv0YviXoZaA9sdHAdTEVr2ITy2m6WK5jpA=="],

    "@tiptap/extensions": ["@tiptap/extensions@3.22.5", "", { "peerDependencies": { "@tiptap/core": "3.22.5", "@tiptap/pm": "3.22.5" } }, "sha512-Ifg4MzKCj3uRqe3ieTwYnomu2y4p7EXr2avVSKZYfh12i2dyWe2Gkn1KuZDREANVE+gHqFlQjJRYzhJFwzSCrg=="],

    "@tiptap/html": ["@tiptap/html@3.22.5", "", { "peerDependencies": { "@tiptap/core": "3.22.5", "@tiptap/pm": "3.22.5", "happy-dom": "^20.8.9" } }, "sha512-jGX/hm8sM3AaUgdRyIPCX5gjls4lj8Tv5ALYXcu4/06m+i/ZNuQwjTB9W3MIx6CENNFes9PDOSEKbQM5khGBaQ=="],

    "@tiptap/pm": ["@tiptap/pm@3.22.5", "", { "dependencies": { "prosemirror-changeset": "^2.3.0", "prosemirror-commands": "^1.6.2", "prosemirror-dropcursor": "^1.8.1", "prosemirror-gapcursor": "^1.3.2", "prosemirror-history": "^1.4.1", "prosemirror-keymap": "^1.2.2", "prosemirror-model": "^1.24.1", "prosemirror-schema-list": "^1.5.0", "prosemirror-state": "^1.4.3", "prosemirror-tables": "^1.6.4", "prosemirror-transform": "^1.10.2", "prosemirror-view": "^1.38.1" } }, "sha512-Cr9Mv4igxvI2tKMiahw48sZxva3PfDzypErH8IB82N+9qa9n9ygVMt0BOaDg53hLKxEEVeYr2S/wCcJIVFgBTw=="],

    "@tiptap/starter-kit": ["@tiptap/starter-kit@3.22.5", "", { "dependencies": { "@tiptap/core": "^3.22.5", "@tiptap/extension-blockquote": "^3.22.5", "@tiptap/extension-bold": "^3.22.5", "@tiptap/extension-bullet-list": "^3.22.5", "@tiptap/extension-code": "^3.22.5", "@tiptap/extension-code-block": "^3.22.5", "@tiptap/extension-document": "^3.22.5", "@tiptap/extension-dropcursor": "^3.22.5", "@tiptap/extension-gapcursor": "^3.22.5", "@tiptap/extension-hard-break": "^3.22.5", "@tiptap/extension-heading": "^3.22.5", "@tiptap/extension-horizontal-rule": "^3.22.5", "@tiptap/extension-italic": "^3.22.5", "@tiptap/extension-link": "^3.22.5", "@tiptap/extension-list": "^3.22.5", "@tiptap/extension-list-item": "^3.22.5", "@tiptap/extension-list-keymap": "^3.22.5", "@tiptap/extension-ordered-list": "^3.22.5", "@tiptap/extension-paragraph": "^3.22.5", "@tiptap/extension-strike": "^3.22.5", "@tiptap/extension-text": "^3.22.5", "@tiptap/extension-underline": "^3.22.5", "@tiptap/extensions": "^3.22.5", "@tiptap/pm": "^3.22.5" } }, "sha512-LZ/LYbwH6rnDi5DnRyagkuNsYAVyhM+yJvvz+ZuYA0JkPiTXJV86J5PWSKew8M0gVfMHcNVtKjfQCvViFCeIgw=="],

    "@tsconfig/node10": ["@tsconfig/node10@1.0.12", "", {}, "sha512-UCYBaeFvM11aU2y3YPZ//O5Rhj+xKyzy7mvcIoAjASbigy8mHMryP5cK7dgjlz2hWxh1g5pLw084E0a/wlUSFQ=="],

    "@tsconfig/node12": ["@tsconfig/node12@1.0.11", "", {}, "sha512-cqefuRsh12pWyGsIoBKJA9luFu3mRxCA+ORZvA4ktLSzIuCUtWVxGIuXigEwO5/ywWFMZ2QEGKWvkZG1zDMTag=="],

    "@tsconfig/node14": ["@tsconfig/node14@1.0.3", "", {}, "sha512-ysT8mhdixWK6Hw3i1V2AeRqZ5WfXg1G43mqoYlM2nc6388Fq5jcXyr5mRsqViLx/GJYdoL0bfXD8nmF+Zn/Iow=="],

    "@tsconfig/node16": ["@tsconfig/node16@1.0.4", "", {}, "sha512-vxhUy4J8lyeyinH7Azl1pdd43GJhZH/tP2weN8TntQblOY+A0XbT8DJk1/oCPuOOyg/Ja757rG0CgHcWC8OfMA=="],

    "@types/hast": ["@types/hast@3.0.4", "", { "dependencies": { "@types/unist": "*" } }, "sha512-WPs+bbQw5aCj+x6laNGWLH3wviHtoCv/P3+otBhbOhJgG8qtpdAMlTCxLtsTWA7LH1Oh/bFCHsBn0TPS5m30EQ=="],

    "@types/node": ["@types/node@25.5.0", "", { "dependencies": { "undici-types": "~7.18.0" } }, "sha512-jp2P3tQMSxWugkCUKLRPVUpGaL5MVFwF8RDuSRztfwgN1wmqJeMSbKlnEtQqU8UrhTmzEmZdu2I6v2dpp7XIxw=="],

    "@types/strip-bom": ["@types/strip-bom@3.0.0", "", {}, "sha512-xevGOReSYGM7g/kUBZzPqCrR/KYAo+F0yiPc85WFTJa0MSLtyFTVTU6cJu/aV4mid7IffDIWqo69THF2o4JiEQ=="],

    "@types/strip-json-comments": ["@types/strip-json-comments@0.0.30", "", {}, "sha512-7NQmHra/JILCd1QqpSzl8+mJRc8ZHz3uDm8YV1Ks9IhK0epEiTw8aIErbvH9PI+6XbqhyIQy3462nEsn7UVzjQ=="],

    "@types/unist": ["@types/unist@3.0.3", "", {}, "sha512-ko/gIFJRv177XgZsZcBwnqJN5x/Gien8qNOn0D5bQU/zAzVf9Zt3BlcUiLqhV9y4ARk0GbT3tnUiPNgnTXzc/Q=="],

    "@types/whatwg-mimetype": ["@types/whatwg-mimetype@3.0.2", "", {}, "sha512-c2AKvDT8ToxLIOUlN51gTiHXflsfIFisS4pO7pDPoKouJCESkhZnEy623gwP9laCy5lnLDAw1vAzu2vM2YLOrA=="],

    "@types/ws": ["@types/ws@8.18.1", "", { "dependencies": { "@types/node": "*" } }, "sha512-ThVF6DCVhA8kUGy+aazFQ4kXQ7E1Ty7A3ypFOe0IcJV8O/M511G99AW24irKrW56Wt44yG9+ij8FaqoBGkuBXg=="],

    "acorn": ["acorn@8.16.0", "", { "bin": "bin/acorn" }, "sha512-UVJyE9MttOsBQIDKw1skb9nAwQuR5wuGD3+82K6JgJlm/Y+KI92oNsMNGZCYdDsVtRHSak0pcV5Dno5+4jh9sw=="],

    "acorn-walk": ["acorn-walk@8.3.5", "", { "dependencies": { "acorn": "^8.11.0" } }, "sha512-HEHNfbars9v4pgpW6SO1KSPkfoS0xVOM/9UzkJltjlsHZmJasxg8aXkuZa7SMf8vKGIBhpUsPluQSqhJFCqebw=="],

    "anymatch": ["anymatch@3.1.3", "", { "dependencies": { "normalize-path": "^3.0.0", "picomatch": "^2.0.4" } }, "sha512-KMReFUr0B4t+D+OBkjR3KYqvocp2XaSzO55UcB6mgQMd3KbcE+mWTyvVV7D/zsdEbNnV6acZUutkiHQXvTr1Rw=="],

    "arg": ["arg@4.1.3", "", {}, "sha512-58S9QDqG0Xx27YwPSt9fJxivjYl432YCwfDMfZ+71RAqUrZef7LrKQZ3LHLOwCS4FLNBplP533Zx895SeOCHvA=="],

    "async-lock": ["async-lock@1.4.1", "", {}, "sha512-Az2ZTpuytrtqENulXwO3GGv1Bztugx6TT37NIo7imr/Qo0gsYiGtSdBa2B6fsXhTpVZDNfu1Qn3pk531e3q+nQ=="],

    "async-mutex": ["async-mutex@0.5.0", "", { "dependencies": { "tslib": "^2.4.0" } }, "sha512-1A94B18jkJ3DYq284ohPxoXbfTA5HsQ7/Mf4DEhcyLx3Bz27Rh59iScbB6EPiP+B+joue6YCxcMXSbFC1tZKwA=="],

    "balanced-match": ["balanced-match@1.0.2", "", {}, "sha512-3oSeUO0TMV67hN1AmbXsK4yaqU7tjiHlbxRDZOpH0KW9+CeX4bRAaX0Anxt0tx2MrpRpWwQaPwIlISEJhYU5Pw=="],

    "binary-extensions": ["binary-extensions@2.3.0", "", {}, "sha512-Ceh+7ox5qe7LJuLHoY0feh3pHuUDHAcRUeyL2VYghZwfpkNIy/+8Ocg0a3UuSoYzavmylwuLWQOf3hl0jjMMIw=="],

    "brace-expansion": ["brace-expansion@1.1.12", "", { "dependencies": { "balanced-match": "^1.0.0", "concat-map": "0.0.1" } }, "sha512-9T9UjW3r0UW5c1Q7GTwllptXwhvYmEzFhzMfZ9H7FQWt+uZePjZPjBP/W1ZEyZ1twGWom5/56TF4lPcqjnDHcg=="],

    "braces": ["braces@3.0.3", "", { "dependencies": { "fill-range": "^7.1.1" } }, "sha512-yQbXgO/OSZVD2IsiLlro+7Hf6Q18EJrKSEsdoMzKePKXct3gvD8oLcOQdIzGupr5Fj+EDe8gO/lxc1BzfMpxvA=="],

    "buffer-from": ["buffer-from@1.1.2", "", {}, "sha512-E+XQCRwSbaaiChtv6k6Dwgc+bx+Bs6vuKJHHl5kox/BaKbhiXzqQOwK4cO22yElGp2OCmjwVhT3HmxgyPGnJfQ=="],

    "chokidar": ["chokidar@3.6.0", "", { "dependencies": { "anymatch": "~3.1.2", "braces": "~3.0.2", "glob-parent": "~5.1.2", "is-binary-path": "~2.1.0", "is-glob": "~4.0.1", "normalize-path": "~3.0.0", "readdirp": "~3.6.0" }, "optionalDependencies": { "fsevents": "~2.3.2" } }, "sha512-7VT13fmjotKpGipCW9JEQAusEPE+Ei8nl6/g4FBAmIm0GOOLMua9NDDo/DWp0ZAxCr3cPq5ZpBqmPAQgDda2Pw=="],

    "concat-map": ["concat-map@0.0.1", "", {}, "sha512-/Srv4dswyQNBfohGpz9o6Yb3Gz3SrUDqBH5rTuhGR7ahtlbYKnVxw2bCFMRljaA7EXHaXZ8wsHdodFvbkhKmqg=="],

    "create-require": ["create-require@1.1.1", "", {}, "sha512-dcKFX3jn0MpIaXjisoRvexIJVEKzaq7z2rZKxf+MSr9TkdmHmsU4m2lcLojrj/FHl8mk5VxMmYA+ftRkP/3oKQ=="],

    "dequal": ["dequal@2.0.3", "", {}, "sha512-0je+qPKHEMohvfRTCEo3CrPG6cAzAYgmzKyxRiYSSDkS6eGJdyVJm7WaYA5ECaAD9wLB2T4EEeymA5aFVcYXCA=="],

    "devlop": ["devlop@1.1.0", "", { "dependencies": { "dequal": "^2.0.0" } }, "sha512-RWmIqhcFf1lRYBvNmr7qTNuyCt/7/ns2jbpp1+PalgE/rDQcBT0fioSMUpJ93irlUhC5hrg4cYqe6U+0ImW0rA=="],

    "diff": ["diff@4.0.4", "", {}, "sha512-X07nttJQkwkfKfvTPG/KSnE2OMdcUCao6+eXF3wmnIQRn2aPAHH3VxDbDOdegkd6JbPsXqShpvEOHfAT+nCNwQ=="],

    "dotenv": ["dotenv@17.4.2", "", {}, "sha512-nI4U3TottKAcAD9LLud4Cb7b2QztQMUEfHbvhTH09bqXTxnSie8WnjPALV/WMCrJZ6UV/qHJ6L03OqO3LcdYZw=="],

    "dynamic-dedupe": ["dynamic-dedupe@0.3.0", "", { "dependencies": { "xtend": "^4.0.0" } }, "sha512-ssuANeD+z97meYOqd50e04Ze5qp4bPqo8cCkI4TRjZkzAUgIDTrXV1R8QCdINpiI+hw14+rYazvTRdQrz0/rFQ=="],

    "entities": ["entities@7.0.1", "", {}, "sha512-TWrgLOFUQTH994YUyl1yT4uyavY5nNB5muff+RtWaqNVCAK408b5ZnnbNAUEWLTCpum9w6arT70i1XdQ4UeOPA=="],

    "fill-range": ["fill-range@7.1.1", "", { "dependencies": { "to-regex-range": "^5.0.1" } }, "sha512-YsGpe3WHLK8ZYi4tWDg2Jy3ebRz2rXowDxnld4bkQB00cc/1Zw9AWnC0i9ztDJitivtQvaI9KaLyKrc+hBW0yg=="],

    "fs.realpath": ["fs.realpath@1.0.0", "", {}, "sha512-OO0pH2lK6a0hZnAdau5ItzHPI6pUlvI7jMVnxUQRtw4owF2wk8lOSabtGDCTP4Ggrg2MbGnWO9X8K1t4+fGMDw=="],

    "fsevents": ["fsevents@2.3.3", "", { "os": "darwin" }, "sha512-5xoDfX+fL7faATnagmWPpbFtwh/R77WmMMqqHGS65C3vvB0YHrgF+B1YmZ3441tMj5n63k0212XNoJwzlhffQw=="],

    "function-bind": ["function-bind@1.1.2", "", {}, "sha512-7XHNxH7qX9xG5mIwxkhumTox/MIRNcOgDrxWsMt2pAr23WHp6MrRlN7FBSFpCpr+oVO0F744iUgR82nJMfG2SA=="],

    "glob": ["glob@7.2.3", "", { "dependencies": { "fs.realpath": "^1.0.0", "inflight": "^1.0.4", "inherits": "2", "minimatch": "^3.1.1", "once": "^1.3.0", "path-is-absolute": "^1.0.0" } }, "sha512-nFR0zLpU2YCaRxwoCJvL6UvCH2JFyFVIvwTLsIf21AuHlMskA1hhTdk+LlYJtOlYt9v6dvszD2BGRqBL+iQK9Q=="],

    "glob-parent": ["glob-parent@5.1.2", "", { "dependencies": { "is-glob": "^4.0.1" } }, "sha512-AOIgSQCepiJYwP3ARnGx+5VnTu2HBYdzbGP45eLw1vr3zB3vZLeyed1sC9hnbcOc9/SrMyM5RPQrkGz4aS9Zow=="],

    "happy-dom": ["happy-dom@20.9.0", "", { "dependencies": { "@types/node": ">=20.0.0", "@types/whatwg-mimetype": "^3.0.2", "@types/ws": "^8.18.1", "entities": "^7.0.1", "whatwg-mimetype": "^3.0.0", "ws": "^8.18.3" } }, "sha512-GZZ9mKe8r646NUAf/zemnGbjYh4Bt8/MqASJY+pSm5ZDtc3YQox+4gsLI7yi1hba6o+eCsGxpHn5+iEVn31/FQ=="],

    "hasown": ["hasown@2.0.2", "", { "dependencies": { "function-bind": "^1.1.2" } }, "sha512-0hJU9SCPvmMzIBdZFqNPXWa6dqh7WdH0cII9y+CyS8rG3nL48Bclra9HmKhVVUHyPWNH5Y7xDwAB7bfgSjkUMQ=="],

    "highlight.js": ["highlight.js@11.11.1", "", {}, "sha512-Xwwo44whKBVCYoliBQwaPvtd/2tYFkRQtXDWj1nackaV2JPXx3L0+Jvd8/qCJ2p+ML0/XVkJ2q+Mr+UVdpJK5w=="],

    "iceberg-js": ["iceberg-js@0.8.1", "", {}, "sha512-1dhVQZXhcHje7798IVM+xoo/1ZdVfzOMIc8/rgVSijRK38EDqOJoGula9N/8ZI5RD8QTxNQtK/Gozpr+qUqRRA=="],

    "inflight": ["inflight@1.0.6", "", { "dependencies": { "once": "^1.3.0", "wrappy": "1" } }, "sha512-k92I/b08q4wvFscXCLvqfsHCrjrF7yiXsQuIVvVE7N82W3+aqpzuUdBbfhWcy/FZR3/4IgflMgKLOsvPDrGCJA=="],

    "inherits": ["inherits@2.0.4", "", {}, "sha512-k/vGaX4/Yla3WzyMCvTQOXYeIHvqOKtnqBduzTHpzpQZzAskKMhZ2K+EnBiSM9zGSoIFeMpXKxa4dYeZIQqewQ=="],

    "is-binary-path": ["is-binary-path@2.1.0", "", { "dependencies": { "binary-extensions": "^2.0.0" } }, "sha512-ZMERYes6pDydyuGidse7OsHxtbI7WVeUEozgR/g7rd0xUimYNlvZRE/K2MgZTjWy725IfelLeVcEM97mmtRGXw=="],

    "is-core-module": ["is-core-module@2.16.1", "", { "dependencies": { "hasown": "^2.0.2" } }, "sha512-UfoeMA6fIJ8wTYFEUjelnaGI67v6+N7qXJEvQuIGa99l4xsCruSYOVSQ0uPANn4dAzm8lkYPaKLrrijLq7x23w=="],

    "is-extglob": ["is-extglob@2.1.1", "", {}, "sha512-SbKbANkN603Vi4jEZv49LeVJMn4yGwsbzZworEoyEiutsN3nJYdbO36zfhGJ6QEDpOZIFkDtnq5JRxmvl3jsoQ=="],

    "is-glob": ["is-glob@4.0.3", "", { "dependencies": { "is-extglob": "^2.1.1" } }, "sha512-xelSayHH36ZgE7ZWhli7pW34hNbNl8Ojv5KVmkJD4hBdD3th8Tfk9vYasLM+mXWOZhFkgZfxhLSnrwRr4elSSg=="],

    "is-number": ["is-number@7.0.0", "", {}, "sha512-41Cifkg6e8TylSpdtTpeLVMqvSBEVzTttHvERD741+pnZ8ANv0004MRL43QKPDlK9cGvNp6NZWZUBlbGXYxxng=="],

    "isomorphic.js": ["isomorphic.js@0.2.5", "", {}, "sha512-PIeMbHqMt4DnUP3MA/Flc0HElYjMXArsw1qwJZcm9sqR8mq3l8NYizFMty0pWwE/tzIGH3EKK5+jes5mAr85yw=="],

    "kleur": ["kleur@4.1.5", "", {}, "sha512-o+NO+8WrRiQEE4/7nwRJhN1HWpVmJm511pBHUxPLtp0BUISzlBplORYSmTclCnJvQq2tKu/sgl3xVpkc7ZWuQQ=="],

    "lib0": ["lib0@0.2.117", "", { "dependencies": { "isomorphic.js": "^0.2.4" }, "bin": { "0ecdsa-generate-keypair": "bin/0ecdsa-generate-keypair.js", "0gentesthtml": "bin/gentesthtml.js", "0serve": "bin/0serve.js" } }, "sha512-DeXj9X5xDCjgKLU/7RR+/HQEVzuuEUiwldwOGsHK/sfAfELGWEyTcf0x+uOvCvK3O2zPmZePXWL85vtia6GyZw=="],

    "linkifyjs": ["linkifyjs@4.3.2", "", {}, "sha512-NT1CJtq3hHIreOianA8aSXn6Cw0JzYOuDQbOrSPe7gqFnCpKP++MQe3ODgO3oh2GJFORkAAdqredOa60z63GbA=="],

    "lowlight": ["lowlight@3.3.0", "", { "dependencies": { "@types/hast": "^3.0.0", "devlop": "^1.0.0", "highlight.js": "~11.11.0" } }, "sha512-0JNhgFoPvP6U6lE/UdVsSq99tn6DhjjpAj5MxG49ewd2mOBVtwWYIT8ClyABhq198aXXODMU6Ox8DrGy/CpTZQ=="],

    "make-error": ["make-error@1.3.6", "", {}, "sha512-s8UhlNe7vPKomQhC1qFelMokr/Sc3AgNbso3n74mVPA5LTZwkB9NlXf4XPamLxJE8h0gh73rM94xvwRT2CVInw=="],

    "minimatch": ["minimatch@3.1.5", "", { "dependencies": { "brace-expansion": "^1.1.7" } }, "sha512-VgjWUsnnT6n+NUk6eZq77zeFdpW2LWDzP6zFGrCbHXiYNul5Dzqk2HHQ5uFH2DNW5Xbp8+jVzaeNt94ssEEl4w=="],

    "minimist": ["minimist@1.2.8", "", {}, "sha512-2yyAR8qBkN3YuheJanUpWC5U3bb5osDywNB8RzDVlDwDHbocAJveqqj1u8+SVD7jkWT4yvsHCpWqqWqAxb0zCA=="],

    "mkdirp": ["mkdirp@1.0.4", "", { "bin": "bin/cmd.js" }, "sha512-vVqVZQyf3WLx2Shd0qJ9xuvqgAyKPLAiqITEtqW0oIUjzo3PePDd6fW9iFz30ef7Ysp/oiWqbhszeGWW2T6Gzw=="],

    "normalize-path": ["normalize-path@3.0.0", "", {}, "sha512-6eZs5Ls3WtCisHWp9S2GUy8dqkpGi4BVSz3GaqiE6ezub0512ESztXUwUB6C6IKbQkY2Pnb/mD4WYojCRwcwLA=="],

    "once": ["once@1.4.0", "", { "dependencies": { "wrappy": "1" } }, "sha512-lNaJgI+2Q5URQBkccEKHTQOPaXdUxnZZElQTZY0MFUAuaEqe1E+Nyvgdz/aIyNi6Z9MzO5dv1H8n58/GELp3+w=="],

    "orderedmap": ["orderedmap@2.1.1", "", {}, "sha512-TvAWxi0nDe1j/rtMcWcIj94+Ffe6n7zhow33h40SKxmsmozs6dz/e+EajymfoFcHd7sxNn8yHM8839uixMOV6g=="],

    "path-is-absolute": ["path-is-absolute@1.0.1", "", {}, "sha512-AVbw3UJ2e9bq64vSaS9Am0fje1Pa8pbGqTTsmXfaIiMpnr5DlDhfJOuLj9Sf95ZPVDAUerDfEk88MPmPe7UCQg=="],

    "path-parse": ["path-parse@1.0.7", "", {}, "sha512-LDJzPVEEEPR+y48z93A0Ed0yXb8pAByGWo/k5YYdYgpY2/2EsOsksJrq7lOHxryrVOn1ejG6oAp8ahvOIQD8sw=="],

    "picomatch": ["picomatch@2.3.1", "", {}, "sha512-JU3teHTNjmE2VCGFzuY8EXzCDVwEqB2a8fsIvwaStHhAWJEeVd1o1QD80CU6+ZdEXXSLbSsuLwJjkCBWqRQUVA=="],

    "prosemirror-changeset": ["prosemirror-changeset@2.4.1", "", { "dependencies": { "prosemirror-transform": "^1.0.0" } }, "sha512-96WBLhOaYhJ+kPhLg3uW359Tz6I/MfcrQfL4EGv4SrcqKEMC1gmoGrXHecPE8eOwTVCJ4IwgfzM8fFad25wNfw=="],

    "prosemirror-commands": ["prosemirror-commands@1.7.1", "", { "dependencies": { "prosemirror-model": "^1.0.0", "prosemirror-state": "^1.0.0", "prosemirror-transform": "^1.10.2" } }, "sha512-rT7qZnQtx5c0/y/KlYaGvtG411S97UaL6gdp6RIZ23DLHanMYLyfGBV5DtSnZdthQql7W+lEVbpSfwtO8T+L2w=="],

    "prosemirror-dropcursor": ["prosemirror-dropcursor@1.8.2", "", { "dependencies": { "prosemirror-state": "^1.0.0", "prosemirror-transform": "^1.1.0", "prosemirror-view": "^1.1.0" } }, "sha512-CCk6Gyx9+Tt2sbYk5NK0nB1ukHi2ryaRgadV/LvyNuO3ena1payM2z6Cg0vO1ebK8cxbzo41ku2DE5Axj1Zuiw=="],

    "prosemirror-gapcursor": ["prosemirror-gapcursor@1.4.1", "", { "dependencies": { "prosemirror-keymap": "^1.0.0", "prosemirror-model": "^1.0.0", "prosemirror-state": "^1.0.0", "prosemirror-view": "^1.0.0" } }, "sha512-pMdYaEnjNMSwl11yjEGtgTmLkR08m/Vl+Jj443167p9eB3HVQKhYCc4gmHVDsLPODfZfjr/MmirsdyZziXbQKw=="],

    "prosemirror-history": ["prosemirror-history@1.5.0", "", { "dependencies": { "prosemirror-state": "^1.2.2", "prosemirror-transform": "^1.0.0", "prosemirror-view": "^1.31.0", "rope-sequence": "^1.3.0" } }, "sha512-zlzTiH01eKA55UAf1MEjtssJeHnGxO0j4K4Dpx+gnmX9n+SHNlDqI2oO1Kv1iPN5B1dm5fsljCfqKF9nFL6HRg=="],

    "prosemirror-keymap": ["prosemirror-keymap@1.2.3", "", { "dependencies": { "prosemirror-state": "^1.0.0", "w3c-keyname": "^2.2.0" } }, "sha512-4HucRlpiLd1IPQQXNqeo81BGtkY8Ai5smHhKW9jjPKRc2wQIxksg7Hl1tTI2IfT2B/LgX6bfYvXxEpJl7aKYKw=="],

    "prosemirror-model": ["prosemirror-model@1.25.4", "", { "dependencies": { "orderedmap": "^2.0.0" } }, "sha512-PIM7E43PBxKce8OQeezAs9j4TP+5yDpZVbuurd1h5phUxEKIu+G2a+EUZzIC5nS1mJktDJWzbqS23n1tsAf5QA=="],

    "prosemirror-schema-list": ["prosemirror-schema-list@1.5.1", "", { "dependencies": { "prosemirror-model": "^1.0.0", "prosemirror-state": "^1.0.0", "prosemirror-transform": "^1.7.3" } }, "sha512-927lFx/uwyQaGwJxLWCZRkjXG0p48KpMj6ueoYiu4JX05GGuGcgzAy62dfiV8eFZftgyBUvLx76RsMe20fJl+Q=="],

    "prosemirror-state": ["prosemirror-state@1.4.4", "", { "dependencies": { "prosemirror-model": "^1.0.0", "prosemirror-transform": "^1.0.0", "prosemirror-view": "^1.27.0" } }, "sha512-6jiYHH2CIGbCfnxdHbXZ12gySFY/fz/ulZE333G6bPqIZ4F+TXo9ifiR86nAHpWnfoNjOb3o5ESi7J8Uz1jXHw=="],

    "prosemirror-tables": ["prosemirror-tables@1.8.5", "", { "dependencies": { "prosemirror-keymap": "^1.2.3", "prosemirror-model": "^1.25.4", "prosemirror-state": "^1.4.4", "prosemirror-transform": "^1.10.5", "prosemirror-view": "^1.41.4" } }, "sha512-V/0cDCsHKHe/tfWkeCmthNUcEp1IVO3p6vwN8XtwE9PZQLAZJigbw3QoraAdfJPir4NKJtNvOB8oYGKRl+t0Dw=="],

    "prosemirror-transform": ["prosemirror-transform@1.12.0", "", { "dependencies": { "prosemirror-model": "^1.21.0" } }, "sha512-GxboyN4AMIsoHNtz5uf2r2Ru551i5hWeCMD6E2Ib4Eogqoub0NflniaBPVQ4MrGE5yZ8JV9tUHg9qcZTTrcN4w=="],

    "prosemirror-view": ["prosemirror-view@1.41.8", "", { "dependencies": { "prosemirror-model": "^1.20.0", "prosemirror-state": "^1.0.0", "prosemirror-transform": "^1.1.0" } }, "sha512-TnKDdohEatgyZNGCDWIdccOHXhYloJwbwU+phw/a23KBvJIR9lWQWW7WHHK3vBdOLDNuF7TaX98GObUZOWkOnA=="],

    "readdirp": ["readdirp@3.6.0", "", { "dependencies": { "picomatch": "^2.2.1" } }, "sha512-hOS089on8RduqdbhvQ5Z37A0ESjsqz6qnRcffsMU3495FuTdqSm+7bhJ29JvIOsBDEEnan5DPu9t3To9VRlMzA=="],

    "resolve": ["resolve@1.22.11", "", { "dependencies": { "is-core-module": "^2.16.1", "path-parse": "^1.0.7", "supports-preserve-symlinks-flag": "^1.0.0" }, "bin": "bin/resolve" }, "sha512-RfqAvLnMl313r7c9oclB1HhUEAezcpLjz95wFH4LVuhk9JF/r22qmVP9AMmOU4vMX7Q8pN8jwNg/CSpdFnMjTQ=="],

    "rimraf": ["rimraf@2.7.1", "", { "dependencies": { "glob": "^7.1.3" }, "bin": "bin.js" }, "sha512-uWjbaKIK3T1OSVptzX7Nl6PvQ3qAGtKEtVRjRuazjfL3Bx5eI409VZSqgND+4UNnmzLVdPj9FqFJNPqBZFve4w=="],

    "rope-sequence": ["rope-sequence@1.3.4", "", {}, "sha512-UT5EDe2cu2E/6O4igUr5PSFs23nvvukicWHx6GnOPlHAiiYbzNuCRQCuiUdHJQcqKalLKlrYJnjY0ySGsXNQXQ=="],

    "source-map": ["source-map@0.6.1", "", {}, "sha512-UjgapumWlbMhkBgzT7Ykc5YXUT46F0iKu8SGXq0bcwP5dz/h0Plj6enJqjz1Zbq2l5WaqYnrVbwWOWMyF3F47g=="],

    "source-map-support": ["source-map-support@0.5.21", "", { "dependencies": { "buffer-from": "^1.0.0", "source-map": "^0.6.0" } }, "sha512-uBHU3L3czsIyYXKX88fdrGovxdSCoTGDRZ6SYXtSRxLZUzHg5P/66Ht6uoUlHu9EZod+inXhKo3qQgwXUT/y1w=="],

    "strip-bom": ["strip-bom@3.0.0", "", {}, "sha512-vavAMRXOgBVNF6nyEEmL3DBK19iRpDcoIwW+swQ+CbGiu7lju6t+JklA1MHweoWtadgt4ISVUsXLyDq34ddcwA=="],

    "strip-json-comments": ["strip-json-comments@2.0.1", "", {}, "sha512-4gB8na07fecVVkOI6Rs4e7T6NOTki5EmL7TUduTs6bu3EdnSycntVJ4re8kgZA+wx9IueI2Y11bfbgwtzuE0KQ=="],

    "supports-preserve-symlinks-flag": ["supports-preserve-symlinks-flag@1.0.0", "", {}, "sha512-ot0WnXS9fgdkgIcePe6RHNk1WA8+muPa6cSjeR3V8K27q9BB1rTE3R1p7Hv0z1ZyAc8s6Vvv8DIyWf681MAt0w=="],

    "to-regex-range": ["to-regex-range@5.0.1", "", { "dependencies": { "is-number": "^7.0.0" } }, "sha512-65P7iz6X5yEr1cwcgvQxbbIw7Uk3gOy5dIdtZ4rDveLqhrdJP+Li/Hx6tyK0NEb+2GCyneCMJiGqrADCSNk8sQ=="],

    "tree-kill": ["tree-kill@1.2.2", "", { "bin": "cli.js" }, "sha512-L0Orpi8qGpRG//Nd+H90vFB+3iHnue1zSSGmNOOCh1GLJ7rUKVwV2HvijphGQS2UmhUZewS9VgvxYIdgr+fG1A=="],

    "ts-node": ["ts-node@10.9.2", "", { "dependencies": { "@cspotcode/source-map-support": "^0.8.0", "@tsconfig/node10": "^1.0.7", "@tsconfig/node12": "^1.0.7", "@tsconfig/node14": "^1.0.0", "@tsconfig/node16": "^1.0.2", "acorn": "^8.4.1", "acorn-walk": "^8.1.1", "arg": "^4.1.0", "create-require": "^1.1.0", "diff": "^4.0.1", "make-error": "^1.1.1", "v8-compile-cache-lib": "^3.0.1", "yn": "3.1.1" }, "peerDependencies": { "@swc/core": ">=1.2.50", "@swc/wasm": ">=1.2.50", "@types/node": "*", "typescript": ">=2.7" }, "optionalPeers": ["@swc/core", "@swc/wasm"], "bin": { "ts-node": "dist/bin.js", "ts-node-cwd": "dist/bin-cwd.js", "ts-node-esm": "dist/bin-esm.js", "ts-node-script": "dist/bin-script.js", "ts-node-transpile-only": "dist/bin-transpile.js", "ts-script": "dist/bin-script-deprecated.js" } }, "sha512-f0FFpIdcHgn8zcPSbf1dRevwt047YMnaiJM3u2w2RewrB+fob/zePZcrOyQoLMMO7aBIddLcQIEK5dYjkLnGrQ=="],

    "ts-node-dev": ["ts-node-dev@2.0.0", "", { "dependencies": { "chokidar": "^3.5.1", "dynamic-dedupe": "^0.3.0", "minimist": "^1.2.6", "mkdirp": "^1.0.4", "resolve": "^1.0.0", "rimraf": "^2.6.1", "source-map-support": "^0.5.12", "tree-kill": "^1.2.2", "ts-node": "^10.4.0", "tsconfig": "^7.0.0" }, "peerDependencies": { "node-notifier": "*", "typescript": "*" }, "optionalPeers": ["node-notifier"], "bin": { "ts-node-dev": "lib/bin.js", "tsnd": "lib/bin.js" } }, "sha512-ywMrhCfH6M75yftYvrvNarLEY+SUXtUvU8/0Z6llrHQVBx12GiFk5sStF8UdfE/yfzk9IAq7O5EEbTQsxlBI8w=="],

    "tsconfig": ["tsconfig@7.0.0", "", { "dependencies": { "@types/strip-bom": "^3.0.0", "@types/strip-json-comments": "0.0.30", "strip-bom": "^3.0.0", "strip-json-comments": "^2.0.0" } }, "sha512-vZXmzPrL+EmC4T/4rVlT2jNVMWCi/O4DIiSj3UHg1OE5kCKbk4mfrXc6dZksLgRM/TZlKnousKH9bbTazUWRRw=="],

    "tslib": ["tslib@2.8.1", "", {}, "sha512-oJFu94HQb+KVduSUQL7wnpmqnfmLsOA/nAh6b6EH0wCEoK0/mPeXU6c3wKDV83MkOuHPRHtSXKKU99IBazS/2w=="],

    "typescript": ["typescript@5.9.3", "", { "bin": { "tsc": "bin/tsc", "tsserver": "bin/tsserver" } }, "sha512-jl1vZzPDinLr9eUt3J/t7V6FgNEw9QjvBPdysz9KfQDD41fQrC2Y4vKQdiaUpFT4bXlb1RHhLpp8wtm6M5TgSw=="],

    "undici-types": ["undici-types@7.18.2", "", {}, "sha512-AsuCzffGHJybSaRrmr5eHr81mwJU3kjw6M+uprWvCXiNeN9SOGwQ3Jn8jb8m3Z6izVgknn1R0FTCEAP2QrLY/w=="],

    "v8-compile-cache-lib": ["v8-compile-cache-lib@3.0.1", "", {}, "sha512-wa7YjyUGfNZngI/vtK0UHAN+lgDCxBPCylVXGp0zu59Fz5aiGtNXaq3DhIov063MorB+VfufLh3JlF2KdTK3xg=="],

    "w3c-keyname": ["w3c-keyname@2.2.8", "", {}, "sha512-dpojBhNsCNN7T82Tm7k26A6G9ML3NkhDsnw9n/eoxSRlVBB4CEtIQ/KTCLI2Fwf3ataSXRhYFkQi3SlnFwPvPQ=="],

    "whatwg-mimetype": ["whatwg-mimetype@3.0.0", "", {}, "sha512-nt+N2dzIutVRxARx1nghPKGv1xHikU7HKdfafKkLNLindmPU/ch3U31NOCGGA/dmPcmb1VlofO0vnKAcsm0o/Q=="],

    "wrappy": ["wrappy@1.0.2", "", {}, "sha512-l4Sp/DRseor9wL6EvV2+TuQn63dMkPjZ/sp9XkghTEbV9KlPS1xUsZ3u7/IQO4wxtcFB4bgpQPRcR3QCvezPcQ=="],

    "ws": ["ws@8.20.0", "", { "peerDependencies": { "bufferutil": "^4.0.1", "utf-8-validate": ">=5.0.2" }, "optionalPeers": ["bufferutil", "utf-8-validate"] }, "sha512-sAt8BhgNbzCtgGbt2OxmpuryO63ZoDk/sqaB/znQm94T4fCEsy/yV+7CdC1kJhOU9lboAEU7R3kquuycDoibVA=="],

    "xtend": ["xtend@4.0.2", "", {}, "sha512-LKYU1iAXJXUgAXn9URjiu+MWhyUXHsvfp7mcuYm9dSUKK0/CjtrUwFAxD82/mCWbtLsGjFIad0wIsod4zrTAEQ=="],

    "y-prosemirror": ["y-prosemirror@1.3.7", "", { "dependencies": { "lib0": "^0.2.109" }, "peerDependencies": { "prosemirror-model": "^1.7.1", "prosemirror-state": "^1.2.3", "prosemirror-view": "^1.9.10", "y-protocols": "^1.0.1", "yjs": "^13.5.38" } }, "sha512-NpM99WSdD4Fx4if5xOMDpPtU3oAmTSjlzh5U4353ABbRHl1HtAFUx6HlebLZfyFxXN9jzKMDkVbcRjqOZVkYQg=="],

    "y-protocols": ["y-protocols@1.0.7", "", { "dependencies": { "lib0": "^0.2.85" }, "peerDependencies": { "yjs": "^13.0.0" } }, "sha512-YSVsLoXxO67J6eE/nV4AtFtT3QEotZf5sK5BHxFBXso7VDUT3Tx07IfA6hsu5Q5OmBdMkQVmFZ9QOA7fikWvnw=="],

    "yjs": ["yjs@13.6.30", "", { "dependencies": { "lib0": "^0.2.99" } }, "sha512-vv/9h42eCMC81ZHDFswuu/MKzkl/vyq1BhaNGfHyOonwlG4CJbQF4oiBBJPvfdeCt/PlVDWh7Nov9D34YY09uQ=="],

    "yn": ["yn@3.1.1", "", {}, "sha512-Ux4ygGWsu2c7isFWe8Yu1YluJmqVhxqK2cLXNQA5AcC3QfbGNpM7fu0Y8b/z16pXLnFxZYvWhd3fhBY9DLmC6Q=="],
  }
}
